
Microsoft Visual Studio Solution File, Format Version 12.00
# Visual Studio Version 17
VisualStudioVersion = 17.4.33103.184
MinimumVisualStudioVersion = 10.0.40219.1
Project("{FAE04EC0-301F-11D3-BF4B-00C04F79EFBC}") = "AnkaraProje", "AnkaraProje\AnkaraProje.csproj", "{C1055AAC-D5B2-4143-A5C9-2E3ED28521D3}"
EndProject
Global
	GlobalSection(SolutionConfigurationPlatforms) = preSolution
		Debug|Any CPU = Debug|Any CPU
		Release|Any CPU = Release|Any CPU
	EndGlobalSection
	GlobalSection(ProjectConfigurationPlatforms) = postSolution
		{C1055AAC-D5B2-4143-A5C9-2E3ED28521D3}.Debug|Any CPU.ActiveCfg = Debug|Any CPU
		{C1055AAC-D5B2-4143-A5C9-2E3ED28521D3}.Debug|Any CPU.Build.0 = Debug|Any CPU
		{C1055AAC-D5B2-4143-A5C9-2E3ED28521D3}.Release|Any CPU.ActiveCfg = Release|Any CPU
		{C1055AAC-D5B2-4143-A5C9-2E3ED28521D3}.Release|Any CPU.Build.0 = Release|Any CPU
	EndGlobalSection
	GlobalSection(SolutionProperties) = preSolution
		HideSolutionNode = FALSE
	EndGlobalSection
	GlobalSection(ExtensibilityGlobals) = postSolution
		SolutionGuid = {46F81C99-3CD5-4313-AA68-AEAF0EAAF8E6}
	EndGlobalSection
EndGlobal
